
Microsoft Visual Studio Solution File, Format Version 12.00
# Visual Studio Version 17
VisualStudioVersion = 17.11.35219.272
MinimumVisualStudioVersion = 10.0.40219.1
Project("{9A19103F-16F7-4668-BE54-9A1E7A4F7556}") = "YumBlazor", "YumBlazor.csproj", "{C6A0D613-B741-4939-8B7E-5067B7AB9D08}"
EndProject
Global
	GlobalSection(SolutionConfigurationPlatforms) = preSolution
		Debug|Any CPU = Debug|Any CPU
		Release|Any CPU = Release|Any CPU
	EndGlobalSection
	GlobalSection(ProjectConfigurationPlatforms) = postSolution
		{C6A0D613-B741-4939-8B7E-5067B7AB9D08}.Debug|Any CPU.ActiveCfg = Debug|Any CPU
		{C6A0D613-B741-4939-8B7E-5067B7AB9D08}.Debug|Any CPU.Build.0 = Debug|Any CPU
		{C6A0D613-B741-4939-8B7E-5067B7AB9D08}.Release|Any CPU.ActiveCfg = Release|Any CPU
		{C6A0D613-B741-4939-8B7E-5067B7AB9D08}.Release|Any CPU.Build.0 = Release|Any CPU
	EndGlobalSection
	GlobalSection(SolutionProperties) = preSolution
		HideSolutionNode = FALSE
	EndGlobalSection
	GlobalSection(ExtensibilityGlobals) = postSolution
		SolutionGuid = {3EDE915B-6E84-454B-BB17-80501F9741CF}
	EndGlobalSection
EndGlobal
